
Microsoft Visual Studio Solution File, Format Version 12.00
# Visual Studio 15
VisualStudioVersion = 15.0.28010.2026
MinimumVisualStudioVersion = 10.0.40219.1
Project("{FAE04EC0-301F-11D3-BF4B-00C04F79EFBC}") = "CareRatesManager", "CareRatesManager\CareRatesManager.csproj", "{C0DA98C0-FAF1-410F-B6D5-4BCAEBA14807}"
EndProject
Global
	GlobalSection(SolutionConfigurationPlatforms) = preSolution
		Debug|Any CPU = Debug|Any CPU
		Release|Any CPU = Release|Any CPU
	EndGlobalSection
	GlobalSection(ProjectConfigurationPlatforms) = postSolution
		{C0DA98C0-FAF1-410F-B6D5-4BCAEBA14807}.Debug|Any CPU.ActiveCfg = Debug|Any CPU
		{C0DA98C0-FAF1-410F-B6D5-4BCAEBA14807}.Debug|Any CPU.Build.0 = Debug|Any CPU
		{C0DA98C0-FAF1-410F-B6D5-4BCAEBA14807}.Release|Any CPU.ActiveCfg = Release|Any CPU
		{C0DA98C0-FAF1-410F-B6D5-4BCAEBA14807}.Release|Any CPU.Build.0 = Release|Any CPU
	EndGlobalSection
	GlobalSection(SolutionProperties) = preSolution
		HideSolutionNode = FALSE
	EndGlobalSection
	GlobalSection(ExtensibilityGlobals) = postSolution
		SolutionGuid = {8ECCFEF0-D339-4AEF-B97A-3B4C7D074ECB}
	EndGlobalSection
EndGlobal
